// !$*UTF8*$!
{
	archiveVersion = 1;
	classes = {
	};
	objectVersion = 77;
	objects = {

/* Begin PBXContainerItemProxy section */
		C598E7462F2100B000AEA79A /* PBXContainerItemProxy */ = {
			isa = PBXContainerItemProxy;
			containerPortal = C598E72E2F2100AF00AEA79A /* Project object */;
			proxyType = 1;
			remoteGlobalIDString = C598E7352F2100AF00AEA79A;
			remoteInfo = "OmniSlide-TV";
		};
		C598E7502F2100B000AEA79A /* PBXContainerItemProxy */ = {
			isa = PBXContainerItemProxy;
			containerPortal = C598E72E2F2100AF00AEA79A /* Project object */;
			proxyType = 1;
			remoteGlobalIDString = C598E7352F2100AF00AEA79A;
			remoteInfo = "OmniSlide-TV";
		};
/* End PBXContainerItemProxy section */

/* Begin PBXFileReference section */
		C598E7362F2100AF00AEA79A /* OmniSlide-TV.app */ = {isa = PBXFileReference; explicitFileType = wrapper.application; includeInIndex = 0; path = "OmniSlide-TV.app"; sourceTree = BUILT_PRODUCTS_DIR; };
		C598E7452F2100B000AEA79A /* OmniSlide-TVTests.xctest */ = {isa = PBXFileReference; explicitFileType = wrapper.cfbundle; includeInIndex = 0; path = "OmniSlide-TVTests.xctest"; sourceTree = BUILT_PRODUCTS_DIR; };
		C598E74F2F2100B000AEA79A /* OmniSlide-TVUITests.xctest */ = {isa = PBXFileReference; explicitFileType = wrapper.cfbundle; includeInIndex = 0; path = "OmniSlide-TVUITests.xctest"; sourceTree = BUILT_PRODUCTS_DIR; };
/* End PBXFileReference section */

/* Begin PBXFileSystemSynchronizedRootGroup section */
		C598E7382F2100AF00AEA79A /* OmniSlide-TV */ = {
			isa = PBXFileSystemSynchronizedRootGroup;
			path = "OmniSlide-TV";
			sourceTree = "<group>";
		};
		C598E7482F2100B000AEA79A /* OmniSlide-TVTests */ = {
			isa = PBXFileSystemSynchronizedRootGroup;
			path = "OmniSlide-TVTests";
			sourceTree = "<group>";
		};
		C598E7522F2100B000AEA79A /* OmniSlide-TVUITests */ = {
			isa = PBXFileSystemSynchronizedRootGroup;
			path = "OmniSlide-TVUITests";
			sourceTree = "<group>";
		};
/* End PBXFileSystemSynchronizedRootGroup section */

/* Begin PBXFrameworksBuildPhase section */
		C598E7332F2100AF00AEA79A /* Frameworks */ = {
			isa = PBXFrameworksBuildPhase;
			buildActionMask = 2147483647;
			files = (
			);
			runOnlyForDeploymentPostprocessing = 0;
		};
		C598E7422F2100B000AEA79A /* Frameworks */ = {
			isa = PBXFrameworksBuildPhase;
			buildActionMask = 2147483647;
			files = (
			);
			runOnlyForDeploymentPostprocessing = 0;
		};
		C598E74C2F2100B000AEA79A /* Frameworks */ = {
			isa = PBXFrameworksBuildPhase;
			buildActionMask = 2147483647;
			files = (
			);
			runOnlyForDeploymentPostprocessing = 0;
		};
/* End PBXFrameworksBuildPhase section */

/* Begin PBXGroup section */
		C598E72D2F2100AF00AEA79A = {
			isa = PBXGroup;
			children = (
				C598E7382F2100AF00AEA79A /* OmniSlide-TV */,
				C598E7482F2100B000AEA79A /* OmniSlide-TVTests */,
				C598E7522F2100B000AEA79A /* OmniSlide-TVUITests */,
				C598E7372F2100AF00AEA79A /* Products */,
			);
			sourceTree = "<group>";
		};
		C598E7372F2100AF00AEA79A /* Products */ = {
			isa = PBXGroup;
			children = (
				C598E7362F2100AF00AEA79A /* OmniSlide-TV.app */,
				C598E7452F2100B000AEA79A /* OmniSlide-TVTests.xctest */,
				C598E74F2F2100B000AEA79A /* OmniSlide-TVUITests.xctest */,
			);
			name = Products;
			sourceTree = "<group>";
		};
/* End PBXGroup section */

/* Begin PBXNativeTarget section */
		C598E7352F2100AF00AEA79A /* OmniSlide-TV */ = {
			isa = PBXNativeTarget;
			buildConfigurationList = C598E7592F2100B000AEA79A /* Build configuration list for PBXNativeTarget "OmniSlide-TV" */;
			buildPhases = (
				C598E7322F2100AF00AEA79A /* Sources */,
				C598E7332F2100AF00AEA79A /* Frameworks */,
				C598E7342F2100AF00AEA79A /* Resources */,
			);
			buildRules = (
			);
			dependencies = (
			);
			fileSystemSynchronizedGroups = (
				C598E7382F2100AF00AEA79A /* OmniSlide-TV */,
			);
			name = "OmniSlide-TV";
			packageProductDependencies = (
			);
			productName = "OmniSlide-TV";
			productReference = C598E7362F2100AF00AEA79A /* OmniSlide-TV.app */;
			productType = "com.apple.product-type.application";
		};
		C598E7442F2100B000AEA79A /* OmniSlide-TVTests */ = {
			isa = PBXNativeTarget;
			buildConfigurationList = C598E75C2F2100B000AEA79A /* Build configuration list for PBXNativeTarget "OmniSlide-TVTests" */;
			buildPhases = (
				C598E7412F2100B000AEA79A /* Sources */,
				C598E7422F2100B000AEA79A /* Frameworks */,
				C598E7432F2100B000AEA79A /* Resources */,
			);
			buildRules = (
			);
			dependencies = (
				C598E7472F2100B000AEA79A /* PBXTargetDependency */,
			);
			fileSystemSynchronizedGroups = (
				C598E7482F2100B000AEA79A /* OmniSlide-TVTests */,
			);
			name = "OmniSlide-TVTests";
			packageProductDependencies = (
			);
			productName = "OmniSlide-TVTests";
			productReference = C598E7452F2100B000AEA79A /* OmniSlide-TVTests.xctest */;
			productType = "com.apple.product-type.bundle.unit-test";
		};
		C598E74E2F2100B000AEA79A /* OmniSlide-TVUITests */ = {
			isa = PBXNativeTarget;
			buildConfigurationList = C598E75F2F2100B000AEA79A /* Build configuration list for PBXNativeTarget "OmniSlide-TVUITests" */;
			buildPhases = (
				C598E74B2F2100B000AEA79A /* Sources */,
				C598E74C2F2100B000AEA79A /* Frameworks */,
				C598E74D2F2100B000AEA79A /* Resources */,
			);
			buildRules = (
			);
			dependencies = (
				C598E7512F2100B000AEA79A /* PBXTargetDependency */,
			);
			fileSystemSynchronizedGroups = (
				C598E7522F2100B000AEA79A /* OmniSlide-TVUITests */,
			);
			name = "OmniSlide-TVUITests";
			packageProductDependencies = (
			);
			productName = "OmniSlide-TVUITests";
			productReference = C598E74F2F2100B000AEA79A /* OmniSlide-TVUITests.xctest */;
			productType = "com.apple.product-type.bundle.ui-testing";
		};
/* End PBXNativeTarget section */

/* Begin PBXProject section */
		C598E72E2F2100AF00AEA79A /* Project object */ = {
			isa = PBXProject;
			attributes = {
				BuildIndependentTargetsInParallel = 1;
				LastSwiftUpdateCheck = 2620;
				LastUpgradeCheck = 2620;
				TargetAttributes = {
					C598E7352F2100AF00AEA79A = {
						CreatedOnToolsVersion = 26.2;
					};
					C598E7442F2100B000AEA79A = {
						CreatedOnToolsVersion = 26.2;
						TestTargetID = C598E7352F2100AF00AEA79A;
					};
					C598E74E2F2100B000AEA79A = {
						CreatedOnToolsVersion = 26.2;
						TestTargetID = C598E7352F2100AF00AEA79A;
					};
				};
			};
			buildConfigurationList = C598E7312F2100AF00AEA79A /* Build configuration list for PBXProject "OmniSlide-TV" */;
			developmentRegion = en;
			hasScannedForEncodings = 0;
			knownRegions = (
				en,
				Base,
			);
			mainGroup = C598E72D2F2100AF00AEA79A;
			minimizedProjectReferenceProxies = 1;
			preferredProjectObjectVersion = 77;
			productRefGroup = C598E7372F2100AF00AEA79A /* Products */;
			projectDirPath = "";
			projectRoot = "";
			targets = (
				C598E7352F2100AF00AEA79A /* OmniSlide-TV */,
				C598E7442F2100B000AEA79A /* OmniSlide-TVTests */,
				C598E74E2F2100B000AEA79A /* OmniSlide-TVUITests */,
			);
		};
/* End PBXProject section */

/* Begin PBXResourcesBuildPhase section */
		C598E7342F2100AF00AEA79A /* Resources */ = {
			isa = PBXResourcesBuildPhase;
			buildActionMask = 2147483647;
			files = (
			);
			runOnlyForDeploymentPostprocessing = 0;
		};
		C598E7432F2100B000AEA79A /* Resources */ = {
			isa = PBXResourcesBuildPhase;
			buildActionMask = 2147483647;
			files = (
			);
			runOnlyForDeploymentPostprocessing = 0;
		};
		C598E74D2F2100B000AEA79A /* Resources */ = {
			isa = PBXResourcesBuildPhase;
			buildActionMask = 2147483647;
			files = (
			);
			runOnlyForDeploymentPostprocessing = 0;
		};
/* End PBXResourcesBuildPhase section */

/* Begin PBXSourcesBuildPhase section */
		C598E7322F2100AF00AEA79A /* Sources */ = {
			isa = PBXSourcesBuildPhase;
			buildActionMask = 2147483647;
			files = (
			);
			runOnlyForDeploymentPostprocessing = 0;
		};
		C598E7412F2100B000AEA79A /* Sources */ = {
			isa = PBXSourcesBuildPhase;
			buildActionMask = 2147483647;
			files = (
			);
			runOnlyForDeploymentPostprocessing = 0;
		};
		C598E74B2F2100B000AEA79A /* Sources */ = {
			isa = PBXSourcesBuildPhase;
			buildActionMask = 2147483647;
			files = (
			);
			runOnlyForDeploymentPostprocessing = 0;
		};
/* End PBXSourcesBuildPhase section */

/* Begin PBXTargetDependency section */
		C598E7472F2100B000AEA79A /* PBXTargetDependency */ = {
			isa = PBXTargetDependency;
			target = C598E7352F2100AF00AEA79A /* OmniSlide-TV */;
			targetProxy = C598E7462F2100B000AEA79A /* PBXContainerItemProxy */;
		};
		C598E7512F2100B000AEA79A /* PBXTargetDependency */ = {
			isa = PBXTargetDependency;
			target = C598E7352F2100AF00AEA79A /* OmniSlide-TV */;
			targetProxy = C598E7502F2100B000AEA79A /* PBXContainerItemProxy */;
		};
/* End PBXTargetDependency section */

/* Begin XCBuildConfiguration section */
		C598E7572F2100B000AEA79A /* Debug */ = {
			isa = XCBuildConfiguration;
			buildSettings = {
				ALWAYS_SEARCH_USER_PATHS = NO;
				ASSETCATALOG_COMPILER_GENERATE_SWIFT_ASSET_SYMBOL_EXTENSIONS = YES;
				CLANG_ANALYZER_NONNULL = YES;
				CLANG_ANALYZER_NUMBER_OBJECT_CONVERSION = YES_AGGRESSIVE;
				CLANG_CXX_LANGUAGE_STANDARD = "gnu++20";
				CLANG_ENABLE_MODULES = YES;
				CLANG_ENABLE_OBJC_ARC = YES;
				CLANG_ENABLE_OBJC_WEAK = YES;
				CLANG_WARN_BLOCK_CAPTURE_AUTORELEASING = YES;
				CLANG_WARN_BOOL_CONVERSION = YES;
				CLANG_WARN_COMMA = YES;
				CLANG_WARN_CONSTANT_CONVERSION = YES;
				CLANG_WARN_DEPRECATED_OBJC_IMPLEMENTATIONS = YES;
				CLANG_WARN_DIRECT_OBJC_ISA_USAGE = YES_ERROR;
				CLANG_WARN_DOCUMENTATION_COMMENTS = YES;
				CLANG_WARN_EMPTY_BODY = YES;
				CLANG_WARN_ENUM_CONVERSION = YES;
				CLANG_WARN_INFINITE_RECURSION = YES;
				CLANG_WARN_INT_CONVERSION = YES;
				CLANG_WARN_NON_LITERAL_NULL_CONVERSION = YES;
				CLANG_WARN_OBJC_IMPLICIT_RETAIN_SELF = YES;
				CLANG_WARN_OBJC_LITERAL_CONVERSION = YES;
				CLANG_WARN_OBJC_ROOT_CLASS = YES_ERROR;
				CLANG_WARN_QUOTED_INCLUDE_IN_FRAMEWORK_HEADER = YES;
				CLANG_WARN_RANGE_LOOP_ANALYSIS = YES;
				CLANG_WARN_STRICT_PROTOTYPES = YES;
				CLANG_WARN_SUSPICIOUS_MOVE = YES;
				CLANG_WARN_UNGUARDED_AVAILABILITY = YES_AGGRESSIVE;
				CLANG_WARN_UNREACHABLE_CODE = YES;
				CLANG_WARN__DUPLICATE_METHOD_MATCH = YES;
				COPY_PHASE_STRIP = NO;
				DEBUG_INFORMATION_FORMAT = dwarf;
				DEVELOPMENT_TEAM = 8Q72AHPV83;
				ENABLE_STRICT_OBJC_MSGSEND = YES;
				ENABLE_TESTABILITY = YES;
				ENABLE_USER_SCRIPT_SANDBOXING = YES;
				GCC_C_LANGUAGE_STANDARD = gnu17;
				GCC_DYNAMIC_NO_PIC = NO;
				GCC_NO_COMMON_BLOCKS = YES;
				GCC_OPTIMIZATION_LEVEL = 0;
				GCC_PREPROCESSOR_DEFINITIONS = (
					"DEBUG=1",
					"$(inherited)",
				);
				GCC_WARN_64_TO_32_BIT_CONVERSION = YES;
				GCC_WARN_ABOUT_RETURN_TYPE = YES_ERROR;
				GCC_WARN_UNDECLARED_SELECTOR = YES;
				GCC_WARN_UNINITIALIZED_AUTOS = YES_AGGRESSIVE;
				GCC_WARN_UNUSED_FUNCTION = YES;
				GCC_WARN_UNUSED_VARIABLE = YES;
				LOCALIZATION_PREFERS_STRING_CATALOGS = YES;
				MTL_ENABLE_DEBUG_INFO = INCLUDE_SOURCE;
				MTL_FAST_MATH = YES;
				ONLY_ACTIVE_ARCH = YES;
				SDKROOT = appletvos;
				SWIFT_ACTIVE_COMPILATION_CONDITIONS = "DEBUG $(inherited)";
				SWIFT_OPTIMIZATION_LEVEL = "-Onone";
				TVOS_DEPLOYMENT_TARGET = 26.2;
			};
			name = Debug;
		};
		C598E7582F2100B000AEA79A /* Release */ = {
			isa = XCBuildConfiguration;
			buildSettings = {
				ALWAYS_SEARCH_USER_PATHS = NO;
				ASSETCATALOG_COMPILER_GENERATE_SWIFT_ASSET_SYMBOL_EXTENSIONS = YES;
				CLANG_ANALYZER_NONNULL = YES;
				CLANG_ANALYZER_NUMBER_OBJECT_CONVERSION = YES_AGGRESSIVE;
				CLANG_CXX_LANGUAGE_STANDARD = "gnu++20";
				CLANG_ENABLE_MODULES = YES;
				CLANG_ENABLE_OBJC_ARC = YES;
				CLANG_ENABLE_OBJC_WEAK = YES;
				CLANG_WARN_BLOCK_CAPTURE_AUTORELEASING = YES;
				CLANG_WARN_BOOL_CONVERSION = YES;
				CLANG_WARN_COMMA = YES;
				CLANG_WARN_CONSTANT_CONVERSION = YES;
				CLANG_WARN_DEPRECATED_OBJC_IMPLEMENTATIONS = YES;
				CLANG_WARN_DIRECT_OBJC_ISA_USAGE = YES_ERROR;
				CLANG_WARN_DOCUMENTATION_COMMENTS = YES;
				CLANG_WARN_EMPTY_BODY = YES;
				CLANG_WARN_ENUM_CONVERSION = YES;
				CLANG_WARN_INFINITE_RECURSION = YES;
				CLANG_WARN_INT_CONVERSION = YES;
				CLANG_WARN_NON_LITERAL_NULL_CONVERSION = YES;
				CLANG_WARN_OBJC_IMPLICIT_RETAIN_SELF = YES;
				CLANG_WARN_OBJC_LITERAL_CONVERSION = YES;
				CLANG_WARN_OBJC_ROOT_CLASS = YES_ERROR;
				CLANG_WARN_QUOTED_INCLUDE_IN_FRAMEWORK_HEADER = YES;
				CLANG_WARN_RANGE_LOOP_ANALYSIS = YES;
				CLANG_WARN_STRICT_PROTOTYPES = YES;
				CLANG_WARN_SUSPICIOUS_MOVE = YES;
				CLANG_WARN_UNGUARDED_AVAILABILITY = YES_AGGRESSIVE;
				CLANG_WARN_UNREACHABLE_CODE = YES;
				CLANG_WARN__DUPLICATE_METHOD_MATCH = YES;
				COPY_PHASE_STRIP = NO;
				DEBUG_INFORMATION_FORMAT = "dwarf-with-dsym";
				DEVELOPMENT_TEAM = 8Q72AHPV83;
				ENABLE_NS_ASSERTIONS = NO;
				ENABLE_STRICT_OBJC_MSGSEND = YES;
				ENABLE_USER_SCRIPT_SANDBOXING = YES;
				GCC_C_LANGUAGE_STANDARD = gnu17;
				GCC_NO_COMMON_BLOCKS = YES;
				GCC_WARN_64_TO_32_BIT_CONVERSION = YES;
				GCC_WARN_ABOUT_RETURN_TYPE = YES_ERROR;
				GCC_WARN_UNDECLARED_SELECTOR = YES;
				GCC_WARN_UNINITIALIZED_AUTOS = YES_AGGRESSIVE;
				GCC_WARN_UNUSED_FUNCTION = YES;
				GCC_WARN_UNUSED_VARIABLE = YES;
				LOCALIZATION_PREFERS_STRING_CATALOGS = YES;
				MTL_ENABLE_DEBUG_INFO = NO;
				MTL_FAST_MATH = YES;
				SDKROOT = appletvos;
				SWIFT_COMPILATION_MODE = wholemodule;
				TVOS_DEPLOYMENT_TARGET = 26.2;
				VALIDATE_PRODUCT = YES;
			};
			name = Release;
		};
		C598E75A2F2100B000AEA79A /* Debug */ = {
			isa = XCBuildConfiguration;
			buildSettings = {
				ASSETCATALOG_COMPILER_APPICON_NAME = "App Icon & Top Shelf Image";
				ASSETCATALOG_COMPILER_GLOBAL_ACCENT_COLOR_NAME = AccentColor;
				CODE_SIGN_STYLE = Automatic;
				CURRENT_PROJECT_VERSION = 1;
				DEVELOPMENT_TEAM = 8Q72AHPV83;
				ENABLE_PREVIEWS = YES;
				GENERATE_INFOPLIST_FILE = YES;
				INFOPLIST_KEY_UILaunchScreen_Generation = YES;
				INFOPLIST_KEY_UIUserInterfaceStyle = Automatic;
				LD_RUNPATH_SEARCH_PATHS = (
					"$(inherited)",
					"@executable_path/Frameworks",
				);
				MARKETING_VERSION = 1.0;
				PRODUCT_BUNDLE_IDENTIFIER = "homs.OmniSlide-TV";
				PRODUCT_NAME = "$(TARGET_NAME)";
				STRING_CATALOG_GENERATE_SYMBOLS = YES;
				SWIFT_APPROACHABLE_CONCURRENCY = YES;
				SWIFT_DEFAULT_ACTOR_ISOLATION = MainActor;
				SWIFT_EMIT_LOC_STRINGS = YES;
				SWIFT_UPCOMING_FEATURE_MEMBER_IMPORT_VISIBILITY = YES;
				SWIFT_VERSION = 5.0;
				TARGETED_DEVICE_FAMILY = 3;
			};
			name = Debug;
		};
		C598E75B2F2100B000AEA79A /* Release */ = {
			isa = XCBuildConfiguration;
			buildSettings = {
				ASSETCATALOG_COMPILER_APPICON_NAME = "App Icon & Top Shelf Image";
				ASSETCATALOG_COMPILER_GLOBAL_ACCENT_COLOR_NAME = AccentColor;
				CODE_SIGN_STYLE = Automatic;
				CURRENT_PROJECT_VERSION = 1;
				DEVELOPMENT_TEAM = 8Q72AHPV83;
				ENABLE_PREVIEWS = YES;
				GENERATE_INFOPLIST_FILE = YES;
				INFOPLIST_KEY_UILaunchScreen_Generation = YES;
				INFOPLIST_KEY_UIUserInterfaceStyle = Automatic;
				LD_RUNPATH_SEARCH_PATHS = (
					"$(inherited)",
					"@executable_path/Frameworks",
				);
				MARKETING_VERSION = 1.0;
				PRODUCT_BUNDLE_IDENTIFIER = "homs.OmniSlide-TV";
				PRODUCT_NAME = "$(TARGET_NAME)";
				STRING_CATALOG_GENERATE_SYMBOLS = YES;
				SWIFT_APPROACHABLE_CONCURRENCY = YES;
				SWIFT_DEFAULT_ACTOR_ISOLATION = MainActor;
				SWIFT_EMIT_LOC_STRINGS = YES;
				SWIFT_UPCOMING_FEATURE_MEMBER_IMPORT_VISIBILITY = YES;
				SWIFT_VERSION = 5.0;
				TARGETED_DEVICE_FAMILY = 3;
			};
			name = Release;
		};
		C598E75D2F2100B000AEA79A /* Debug */ = {
			isa = XCBuildConfiguration;
			buildSettings = {
				BUNDLE_LOADER = "$(TEST_HOST)";
				CODE_SIGN_STYLE = Automatic;
				CURRENT_PROJECT_VERSION = 1;
				DEVELOPMENT_TEAM = 8Q72AHPV83;
				GENERATE_INFOPLIST_FILE = YES;
				MARKETING_VERSION = 1.0;
				PRODUCT_BUNDLE_IDENTIFIER = "homs.OmniSlide-TVTests";
				PRODUCT_NAME = "$(TARGET_NAME)";
				STRING_CATALOG_GENERATE_SYMBOLS = NO;
				SWIFT_APPROACHABLE_CONCURRENCY = YES;
				SWIFT_EMIT_LOC_STRINGS = NO;
				SWIFT_UPCOMING_FEATURE_MEMBER_IMPORT_VISIBILITY = YES;
				SWIFT_VERSION = 5.0;
				TARGETED_DEVICE_FAMILY = 3;
				TEST_HOST = "$(BUILT_PRODUCTS_DIR)/OmniSlide-TV.app/$(BUNDLE_EXECUTABLE_FOLDER_PATH)/OmniSlide-TV";
				TVOS_DEPLOYMENT_TARGET = 26.2;
			};
			name = Debug;
		};
		C598E75E2F2100B000AEA79A /* Release */ = {
			isa = XCBuildConfiguration;
			buildSettings = {
				BUNDLE_LOADER = "$(TEST_HOST)";
				CODE_SIGN_STYLE = Automatic;
				CURRENT_PROJECT_VERSION = 1;
				DEVELOPMENT_TEAM = 8Q72AHPV83;
				GENERATE_INFOPLIST_FILE = YES;
				MARKETING_VERSION = 1.0;
				PRODUCT_BUNDLE_IDENTIFIER = "homs.OmniSlide-TVTests";
				PRODUCT_NAME = "$(TARGET_NAME)";
				STRING_CATALOG_GENERATE_SYMBOLS = NO;
				SWIFT_APPROACHABLE_CONCURRENCY = YES;
				SWIFT_EMIT_LOC_STRINGS = NO;
				SWIFT_UPCOMING_FEATURE_MEMBER_IMPORT_VISIBILITY = YES;
				SWIFT_VERSION = 5.0;
				TARGETED_DEVICE_FAMILY = 3;
				TEST_HOST = "$(BUILT_PRODUCTS_DIR)/OmniSlide-TV.app/$(BUNDLE_EXECUTABLE_FOLDER_PATH)/OmniSlide-TV";
				TVOS_DEPLOYMENT_TARGET = 26.2;
			};
			name = Release;
		};
		C598E7602F2100B000AEA79A /* Debug */ = {
			isa = XCBuildConfiguration;
			buildSettings = {
				CODE_SIGN_STYLE = Automatic;
				CURRENT_PROJECT_VERSION = 1;
				DEVELOPMENT_TEAM = 8Q72AHPV83;
				GENERATE_INFOPLIST_FILE = YES;
				MARKETING_VERSION = 1.0;
				PRODUCT_BUNDLE_IDENTIFIER = "homs.OmniSlide-TVUITests";
				PRODUCT_NAME = "$(TARGET_NAME)";
				STRING_CATALOG_GENERATE_SYMBOLS = NO;
				SWIFT_APPROACHABLE_CONCURRENCY = YES;
				SWIFT_EMIT_LOC_STRINGS = NO;
				SWIFT_UPCOMING_FEATURE_MEMBER_IMPORT_VISIBILITY = YES;
				SWIFT_VERSION = 5.0;
				TARGETED_DEVICE_FAMILY = 3;
				TEST_TARGET_NAME = "OmniSlide-TV";
			};
			name = Debug;
		};
		C598E7612F2100B000AEA79A /* Release */ = {
			isa = XCBuildConfiguration;
			buildSettings = {
				CODE_SIGN_STYLE = Automatic;
				CURRENT_PROJECT_VERSION = 1;
				DEVELOPMENT_TEAM = 8Q72AHPV83;
				GENERATE_INFOPLIST_FILE = YES;
				MARKETING_VERSION = 1.0;
				PRODUCT_BUNDLE_IDENTIFIER = "homs.OmniSlide-TVUITests";
				PRODUCT_NAME = "$(TARGET_NAME)";
				STRING_CATALOG_GENERATE_SYMBOLS = NO;
				SWIFT_APPROACHABLE_CONCURRENCY = YES;
				SWIFT_EMIT_LOC_STRINGS = NO;
				SWIFT_UPCOMING_FEATURE_MEMBER_IMPORT_VISIBILITY = YES;
				SWIFT_VERSION = 5.0;
				TARGETED_DEVICE_FAMILY = 3;
				TEST_TARGET_NAME = "OmniSlide-TV";
			};
			name = Release;
		};
/* End XCBuildConfiguration section */

/* Begin XCConfigurationList section */
		C598E7312F2100AF00AEA79A /* Build configuration list for PBXProject "OmniSlide-TV" */ = {
			isa = XCConfigurationList;
			buildConfigurations = (
				C598E7572F2100B000AEA79A /* Debug */,
				C598E7582F2100B000AEA79A /* Release */,
			);
			defaultConfigurationIsVisible = 0;
			defaultConfigurationName = Release;
		};
		C598E7592F2100B000AEA79A /* Build configuration list for PBXNativeTarget "OmniSlide-TV" */ = {
			isa = XCConfigurationList;
			buildConfigurations = (
				C598E75A2F2100B000AEA79A /* Debug */,
				C598E75B2F2100B000AEA79A /* Release */,
			);
			defaultConfigurationIsVisible = 0;
			defaultConfigurationName = Release;
		};
		C598E75C2F2100B000AEA79A /* Build configuration list for PBXNativeTarget "OmniSlide-TVTests" */ = {
			isa = XCConfigurationList;
			buildConfigurations = (
				C598E75D2F2100B000AEA79A /* Debug */,
				C598E75E2F2100B000AEA79A /* Release */,
			);
			defaultConfigurationIsVisible = 0;
			defaultConfigurationName = Release;
		};
		C598E75F2F2100B000AEA79A /* Build configuration list for PBXNativeTarget "OmniSlide-TVUITests" */ = {
			isa = XCConfigurationList;
			buildConfigurations = (
				C598E7602F2100B000AEA79A /* Debug */,
				C598E7612F2100B000AEA79A /* Release */,
			);
			defaultConfigurationIsVisible = 0;
			defaultConfigurationName = Release;
		};
/* End XCConfigurationList section */
	};
	rootObject = C598E72E2F2100AF00AEA79A /* Project object */;
}
